
Microsoft Visual Studio Solution File, Format Version 12.00
# Visual Studio 2012
Project("{FAE04EC0-301F-11D3-BF4B-00C04F79EFBC}") = "AnimatedListboxSL", "AnimatedListboxSL\AnimatedListboxSL.csproj", "{B79853F2-9775-498B-BE24-0912C323A001}"
EndProject
Project("{FAE04EC0-301F-11D3-BF4B-00C04F79EFBC}") = "AnimatedListboxSL.Web", "AnimatedListboxSL.Web\AnimatedListboxSL.Web.csproj", "{07C9CA9C-9EFA-4E25-947A-C5B840770228}"
EndProject
Global
	GlobalSection(SolutionConfigurationPlatforms) = preSolution
		Debug|Any CPU = Debug|Any CPU
		Release|Any CPU = Release|Any CPU
	EndGlobalSection
	GlobalSection(ProjectConfigurationPlatforms) = postSolution
		{B79853F2-9775-498B-BE24-0912C323A001}.Debug|Any CPU.ActiveCfg = Debug|Any CPU
		{B79853F2-9775-498B-BE24-0912C323A001}.Debug|Any CPU.Build.0 = Debug|Any CPU
		{B79853F2-9775-498B-BE24-0912C323A001}.Release|Any CPU.ActiveCfg = Release|Any CPU
		{B79853F2-9775-498B-BE24-0912C323A001}.Release|Any CPU.Build.0 = Release|Any CPU
		{07C9CA9C-9EFA-4E25-947A-C5B840770228}.Debug|Any CPU.ActiveCfg = Debug|Any CPU
		{07C9CA9C-9EFA-4E25-947A-C5B840770228}.Debug|Any CPU.Build.0 = Debug|Any CPU
		{07C9CA9C-9EFA-4E25-947A-C5B840770228}.Release|Any CPU.ActiveCfg = Release|Any CPU
		{07C9CA9C-9EFA-4E25-947A-C5B840770228}.Release|Any CPU.Build.0 = Release|Any CPU
	EndGlobalSection
	GlobalSection(SolutionProperties) = preSolution
		HideSolutionNode = FALSE
	EndGlobalSection
EndGlobal
